PODS:
  - SwrveSDK (7.0.3):
    - SwrveSDKCommon (= 7.0.3)
  - SwrveSDKCommon (7.0.3)

DEPENDENCIES:
  - SwrveSDK (= 7.0.3)

SPEC REPOS:
  trunk:
    - SwrveSDK
    - SwrveSDKCommon

SPEC CHECKSUMS:
  SwrveSDK: 4d3b7b4f92aba25694ee384c07c9890f8cf2a092
  SwrveSDKCommon: cecf4af1747ad79809ff08553387497b1725ca00

PODFILE CHECKSUM: 03ce1be86554c802339d12db50e16ccc4d2f0e1f

COCOAPODS: 1.10.1
